
Microsoft Visual Studio Solution File, Format Version 12.00
# Visual Studio Version 16
VisualStudioVersion = 16.0.31005.135
MinimumVisualStudioVersion = 10.0.40219.1
Project("{FAE04EC0-301F-11D3-BF4B-00C04F79EFBC}") = "CSHARP_Conditions_Exo3", "CSHARP_Conditions_Exo3\CSHARP_Conditions_Exo3.csproj", "{D7D6AC08-EE65-4800-83D9-72EADFB63630}"
EndProject
Global
	GlobalSection(SolutionConfigurationPlatforms) = preSolution
		Debug|Any CPU = Debug|Any CPU
		Release|Any CPU = Release|Any CPU
	EndGlobalSection
	GlobalSection(ProjectConfigurationPlatforms) = postSolution
		{D7D6AC08-EE65-4800-83D9-72EADFB63630}.Debug|Any CPU.ActiveCfg = Debug|Any CPU
		{D7D6AC08-EE65-4800-83D9-72EADFB63630}.Debug|Any CPU.Build.0 = Debug|Any CPU
		{D7D6AC08-EE65-4800-83D9-72EADFB63630}.Release|Any CPU.ActiveCfg = Release|Any CPU
		{D7D6AC08-EE65-4800-83D9-72EADFB63630}.Release|Any CPU.Build.0 = Release|Any CPU
	EndGlobalSection
	GlobalSection(SolutionProperties) = preSolution
		HideSolutionNode = FALSE
	EndGlobalSection
	GlobalSection(ExtensibilityGlobals) = postSolution
		SolutionGuid = {8ED67CE5-BD3D-4689-8EA7-0EBF33898848}
	EndGlobalSection
EndGlobal
